
Microsoft Visual Studio Solution File, Format Version 12.00
# Visual Studio 15
VisualStudioVersion = 15.0.28307.902
MinimumVisualStudioVersion = 10.0.40219.1
Project("{FAE04EC0-301F-11D3-BF4B-00C04F79EFBC}") = "InterfacesAndGithub", "InterfacesAndGithub\InterfacesAndGithub.csproj", "{399D3C9D-A155-4FDD-A3DD-EE13B670319C}"
EndProject
Global
	GlobalSection(SolutionConfigurationPlatforms) = preSolution
		Debug|Any CPU = Debug|Any CPU
		Release|Any CPU = Release|Any CPU
	EndGlobalSection
	GlobalSection(ProjectConfigurationPlatforms) = postSolution
		{399D3C9D-A155-4FDD-A3DD-EE13B670319C}.Debug|Any CPU.ActiveCfg = Debug|Any CPU
		{399D3C9D-A155-4FDD-A3DD-EE13B670319C}.Debug|Any CPU.Build.0 = Debug|Any CPU
		{399D3C9D-A155-4FDD-A3DD-EE13B670319C}.Release|Any CPU.ActiveCfg = Release|Any CPU
		{399D3C9D-A155-4FDD-A3DD-EE13B670319C}.Release|Any CPU.Build.0 = Release|Any CPU
	EndGlobalSection
	GlobalSection(SolutionProperties) = preSolution
		HideSolutionNode = FALSE
	EndGlobalSection
	GlobalSection(ExtensibilityGlobals) = postSolution
		SolutionGuid = {AC691E35-B72A-4BA5-A194-03CE0650C782}
	EndGlobalSection
EndGlobal
